
Microsoft Visual Studio Solution File, Format Version 12.00
# Visual Studio Version 17
VisualStudioVersion = 17.5.002.0
MinimumVisualStudioVersion = 10.0.40219.1
Project("{9A19103F-16F7-4668-BE54-9A1E7A4F7556}") = "asp-dotnet-tutorial", "asp-dotnet-tutorial.csproj", "{C5DC2146-FF56-4349-A127-6753BFD08703}"
EndProject
Global
	GlobalSection(SolutionConfigurationPlatforms) = preSolution
		Debug|Any CPU = Debug|Any CPU
		Release|Any CPU = Release|Any CPU
	EndGlobalSection
	GlobalSection(ProjectConfigurationPlatforms) = postSolution
		{C5DC2146-FF56-4349-A127-6753BFD08703}.Debug|Any CPU.ActiveCfg = Debug|Any CPU
		{C5DC2146-FF56-4349-A127-6753BFD08703}.Debug|Any CPU.Build.0 = Debug|Any CPU
		{C5DC2146-FF56-4349-A127-6753BFD08703}.Release|Any CPU.ActiveCfg = Release|Any CPU
		{C5DC2146-FF56-4349-A127-6753BFD08703}.Release|Any CPU.Build.0 = Release|Any CPU
	EndGlobalSection
	GlobalSection(SolutionProperties) = preSolution
		HideSolutionNode = FALSE
	EndGlobalSection
	GlobalSection(ExtensibilityGlobals) = postSolution
		SolutionGuid = {1CFCB0DB-C448-478C-BF81-E903A127778C}
	EndGlobalSection
EndGlobal
